// !$*UTF8*$!
{
	archiveVersion = 1;
	classes = {
	};
	objectVersion = 51;
	objects = {

/* Begin PBXBuildFile section */
		269B850D77BD63720B07B03A /* Pods_Test_5_15Tests.framework in Frameworks */ = {isa = PBXBuildFile; fileRef = 93A0E620FB39E193071B1937 /* Pods_Test_5_15Tests.framework */; };
		35FC66FFB45E16B34FFFEDB2 /* Pods_Test_5_15.framework in Frameworks */ = {isa = PBXBuildFile; fileRef = 772B208ED54C9C5576BECA1F /* Pods_Test_5_15.framework */; };
		3E8E8FCF8E32134AA94627F1 /* Pods_Test_5_15UITests.framework in Frameworks */ = {isa = PBXBuildFile; fileRef = 01D4D38A60AB4113A4EE912E /* Pods_Test_5_15UITests.framework */; };
		860BE2252321E6C800D76753 /* AppDelegate.swift in Sources */ = {isa = PBXBuildFile; fileRef = 860BE2242321E6C800D76753 /* AppDelegate.swift */; };
		860BE2272321E6C800D76753 /* ViewController.swift in Sources */ = {isa = PBXBuildFile; fileRef = 860BE2262321E6C800D76753 /* ViewController.swift */; };
		860BE22A2321E6C800D76753 /* Main.storyboard in Resources */ = {isa = PBXBuildFile; fileRef = 860BE2282321E6C800D76753 /* Main.storyboard */; };
		860BE22C2321E6C900D76753 /* Assets.xcassets in Resources */ = {isa = PBXBuildFile; fileRef = 860BE22B2321E6C900D76753 /* Assets.xcassets */; };
		860BE22F2321E6C900D76753 /* LaunchScreen.storyboard in Resources */ = {isa = PBXBuildFile; fileRef = 860BE22D2321E6C900D76753 /* LaunchScreen.storyboard */; };
		860BE23A2321E6C900D76753 /* Test_5_15Tests.swift in Sources */ = {isa = PBXBuildFile; fileRef = 860BE2392321E6C900D76753 /* Test_5_15Tests.swift */; };
		860BE2452321E6C900D76753 /* Test_5_15UITests.swift in Sources */ = {isa = PBXBuildFile; fileRef = 860BE2442321E6C900D76753 /* Test_5_15UITests.swift */; };
		860BE2542321E70100D76753 /* TopViewController.swift in Sources */ = {isa = PBXBuildFile; fileRef = 860BE2522321E70100D76753 /* TopViewController.swift */; };
		860BE2552321E70100D76753 /* TopViewController.xib in Resources */ = {isa = PBXBuildFile; fileRef = 860BE2532321E70100D76753 /* TopViewController.xib */; };
		860BE2582321E71C00D76753 /* TopMainView.swift in Sources */ = {isa = PBXBuildFile; fileRef = 860BE2562321E71C00D76753 /* TopMainView.swift */; };
		860BE2592321E71C00D76753 /* TopMainView.xib in Resources */ = {isa = PBXBuildFile; fileRef = 860BE2572321E71C00D76753 /* TopMainView.xib */; };
		860BE25C2321E76B00D76753 /* TopMainTableViewCell.swift in Sources */ = {isa = PBXBuildFile; fileRef = 860BE25A2321E76B00D76753 /* TopMainTableViewCell.swift */; };
		860BE25D2321E76B00D76753 /* TopMainTableViewCell.xib in Resources */ = {isa = PBXBuildFile; fileRef = 860BE25B2321E76B00D76753 /* TopMainTableViewCell.xib */; };
/* End PBXBuildFile section */

/* Begin PBXContainerItemProxy section */
		860BE2362321E6C900D76753 /* PBXContainerItemProxy */ = {
			isa = PBXContainerItemProxy;
			containerPortal = 860BE2192321E6C800D76753 /* Project object */;
			proxyType = 1;
			remoteGlobalIDString = 860BE2202321E6C800D76753;
			remoteInfo = "Test-5-15";
		};
		860BE2412321E6C900D76753 /* PBXContainerItemProxy */ = {
			isa = PBXContainerItemProxy;
			containerPortal = 860BE2192321E6C800D76753 /* Project object */;
			proxyType = 1;
			remoteGlobalIDString = 860BE2202321E6C800D76753;
			remoteInfo = "Test-5-15";
		};
/* End PBXContainerItemProxy section */

/* Begin PBXFileReference section */
		01D4D38A60AB4113A4EE912E /* Pods_Test_5_15UITests.framework */ = {isa = PBXFileReference; explicitFileType = wrapper.framework; includeInIndex = 0; path = Pods_Test_5_15UITests.framework; sourceTree = BUILT_PRODUCTS_DIR; };
		1A070ACF7562503975963166 /* Pods-Test-5-15Tests.release.xcconfig */ = {isa = PBXFileReference; includeInIndex = 1; lastKnownFileType = text.xcconfig; name = "Pods-Test-5-15Tests.release.xcconfig"; path = "Target Support Files/Pods-Test-5-15Tests/Pods-Test-5-15Tests.release.xcconfig"; sourceTree = "<group>"; };
		3A0EFF420A64A3A66553A7D4 /* Pods-Test-5-15UITests.release.xcconfig */ = {isa = PBXFileReference; includeInIndex = 1; lastKnownFileType = text.xcconfig; name = "Pods-Test-5-15UITests.release.xcconfig"; path = "Target Support Files/Pods-Test-5-15UITests/Pods-Test-5-15UITests.release.xcconfig"; sourceTree = "<group>"; };
		469263ECA5B5A4534F9C389D /* Pods-Test-5-15.release.xcconfig */ = {isa = PBXFileReference; includeInIndex = 1; lastKnownFileType = text.xcconfig; name = "Pods-Test-5-15.release.xcconfig"; path = "Target Support Files/Pods-Test-5-15/Pods-Test-5-15.release.xcconfig"; sourceTree = "<group>"; };
		772B208ED54C9C5576BECA1F /* Pods_Test_5_15.framework */ = {isa = PBXFileReference; explicitFileType = wrapper.framework; includeInIndex = 0; path = Pods_Test_5_15.framework; sourceTree = BUILT_PRODUCTS_DIR; };
		860BE2212321E6C800D76753 /* Test-5-15.app */ = {isa = PBXFileReference; explicitFileType = wrapper.application; includeInIndex = 0; path = "Test-5-15.app"; sourceTree = BUILT_PRODUCTS_DIR; };
		860BE2242321E6C800D76753 /* AppDelegate.swift */ = {isa = PBXFileReference; lastKnownFileType = sourcecode.swift; path = AppDelegate.swift; sourceTree = "<group>"; };
		860BE2262321E6C800D76753 /* ViewController.swift */ = {isa = PBXFileReference; lastKnownFileType = sourcecode.swift; path = ViewController.swift; sourceTree = "<group>"; };
		860BE2292321E6C800D76753 /* Base */ = {isa = PBXFileReference; lastKnownFileType = file.storyboard; name = Base; path = Base.lproj/Main.storyboard; sourceTree = "<group>"; };
		860BE22B2321E6C900D76753 /* Assets.xcassets */ = {isa = PBXFileReference; lastKnownFileType = folder.assetcatalog; path = Assets.xcassets; sourceTree = "<group>"; };
		860BE22E2321E6C900D76753 /* Base */ = {isa = PBXFileReference; lastKnownFileType = file.storyboard; name = Base; path = Base.lproj/LaunchScreen.storyboard; sourceTree = "<group>"; };
		860BE2302321E6C900D76753 /* Info.plist */ = {isa = PBXFileReference; lastKnownFileType = text.plist.xml; path = Info.plist; sourceTree = "<group>"; };
		860BE2352321E6C900D76753 /* Test-5-15Tests.xctest */ = {isa = PBXFileReference; explicitFileType = wrapper.cfbundle; includeInIndex = 0; path = "Test-5-15Tests.xctest"; sourceTree = BUILT_PRODUCTS_DIR; };
		860BE2392321E6C900D76753 /* Test_5_15Tests.swift */ = {isa = PBXFileReference; lastKnownFileType = sourcecode.swift; path = Test_5_15Tests.swift; sourceTree = "<group>"; };
		860BE23B2321E6C900D76753 /* Info.plist */ = {isa = PBXFileReference; lastKnownFileType = text.plist.xml; path = Info.plist; sourceTree = "<group>"; };
		860BE2402321E6C900D76753 /* Test-5-15UITests.xctest */ = {isa = PBXFileReference; explicitFileType = wrapper.cfbundle; includeInIndex = 0; path = "Test-5-15UITests.xctest"; sourceTree = BUILT_PRODUCTS_DIR; };
		860BE2442321E6C900D76753 /* Test_5_15UITests.swift */ = {isa = PBXFileReference; lastKnownFileType = sourcecode.swift; path = Test_5_15UITests.swift; sourceTree = "<group>"; };
		860BE2462321E6C900D76753 /* Info.plist */ = {isa = PBXFileReference; lastKnownFileType = text.plist.xml; path = Info.plist; sourceTree = "<group>"; };
		860BE2522321E70100D76753 /* TopViewController.swift */ = {isa = PBXFileReference; lastKnownFileType = sourcecode.swift; path = TopViewController.swift; sourceTree = "<group>"; };
		860BE2532321E70100D76753 /* TopViewController.xib */ = {isa = PBXFileReference; lastKnownFileType = file.xib; path = TopViewController.xib; sourceTree = "<group>"; };
		860BE2562321E71C00D76753 /* TopMainView.swift */ = {isa = PBXFileReference; lastKnownFileType = sourcecode.swift; path = TopMainView.swift; sourceTree = "<group>"; };
		860BE2572321E71C00D76753 /* TopMainView.xib */ = {isa = PBXFileReference; lastKnownFileType = file.xib; path = TopMainView.xib; sourceTree = "<group>"; };
		860BE25A2321E76B00D76753 /* TopMainTableViewCell.swift */ = {isa = PBXFileReference; lastKnownFileType = sourcecode.swift; path = TopMainTableViewCell.swift; sourceTree = "<group>"; };
		860BE25B2321E76B00D76753 /* TopMainTableViewCell.xib */ = {isa = PBXFileReference; lastKnownFileType = file.xib; path = TopMainTableViewCell.xib; sourceTree = "<group>"; };
		93A0E620FB39E193071B1937 /* Pods_Test_5_15Tests.framework */ = {isa = PBXFileReference; explicitFileType = wrapper.framework; includeInIndex = 0; path = Pods_Test_5_15Tests.framework; sourceTree = BUILT_PRODUCTS_DIR; };
		B0787E9BC87059D05B7B0F1F /* Pods-Test-5-15UITests.debug.xcconfig */ = {isa = PBXFileReference; includeInIndex = 1; lastKnownFileType = text.xcconfig; name = "Pods-Test-5-15UITests.debug.xcconfig"; path = "Target Support Files/Pods-Test-5-15UITests/Pods-Test-5-15UITests.debug.xcconfig"; sourceTree = "<group>"; };
		BB312226F014578938B37009 /* Pods-Test-5-15Tests.debug.xcconfig */ = {isa = PBXFileReference; includeInIndex = 1; lastKnownFileType = text.xcconfig; name = "Pods-Test-5-15Tests.debug.xcconfig"; path = "Target Support Files/Pods-Test-5-15Tests/Pods-Test-5-15Tests.debug.xcconfig"; sourceTree = "<group>"; };
		E094FD2A3522494F559AEB0C /* Pods-Test-5-15.debug.xcconfig */ = {isa = PBXFileReference; includeInIndex = 1; lastKnownFileType = text.xcconfig; name = "Pods-Test-5-15.debug.xcconfig"; path = "Target Support Files/Pods-Test-5-15/Pods-Test-5-15.debug.xcconfig"; sourceTree = "<group>"; };
/* End PBXFileReference section */

/* Begin PBXFrameworksBuildPhase section */
		860BE21E2321E6C800D76753 /* Frameworks */ = {
			isa = PBXFrameworksBuildPhase;
			buildActionMask = 2147483647;
			files = (
				35FC66FFB45E16B34FFFEDB2 /* Pods_Test_5_15.framework in Frameworks */,
			);
			runOnlyForDeploymentPostprocessing = 0;
		};
		860BE2322321E6C900D76753 /* Frameworks */ = {
			isa = PBXFrameworksBuildPhase;
			buildActionMask = 2147483647;
			files = (
				269B850D77BD63720B07B03A /* Pods_Test_5_15Tests.framework in Frameworks */,
			);
			runOnlyForDeploymentPostprocessing = 0;
		};
		860BE23D2321E6C900D76753 /* Frameworks */ = {
			isa = PBXFrameworksBuildPhase;
			buildActionMask = 2147483647;
			files = (
				3E8E8FCF8E32134AA94627F1 /* Pods_Test_5_15UITests.framework in Frameworks */,
			);
			runOnlyForDeploymentPostprocessing = 0;
		};
/* End PBXFrameworksBuildPhase section */

/* Begin PBXGroup section */
		6098A7011D9CCC10586F3EBD /* Pods */ = {
			isa = PBXGroup;
			children = (
				E094FD2A3522494F559AEB0C /* Pods-Test-5-15.debug.xcconfig */,
				469263ECA5B5A4534F9C389D /* Pods-Test-5-15.release.xcconfig */,
				BB312226F014578938B37009 /* Pods-Test-5-15Tests.debug.xcconfig */,
				1A070ACF7562503975963166 /* Pods-Test-5-15Tests.release.xcconfig */,
				B0787E9BC87059D05B7B0F1F /* Pods-Test-5-15UITests.debug.xcconfig */,
				3A0EFF420A64A3A66553A7D4 /* Pods-Test-5-15UITests.release.xcconfig */,
			);
			path = Pods;
			sourceTree = "<group>";
		};
		692FB54673200B40180125AF /* Frameworks */ = {
			isa = PBXGroup;
			children = (
				772B208ED54C9C5576BECA1F /* Pods_Test_5_15.framework */,
				93A0E620FB39E193071B1937 /* Pods_Test_5_15Tests.framework */,
				01D4D38A60AB4113A4EE912E /* Pods_Test_5_15UITests.framework */,
			);
			name = Frameworks;
			sourceTree = "<group>";
		};
		860BE2182321E6C800D76753 = {
			isa = PBXGroup;
			children = (
				860BE2232321E6C800D76753 /* Test-5-15 */,
				860BE2382321E6C900D76753 /* Test-5-15Tests */,
				860BE2432321E6C900D76753 /* Test-5-15UITests */,
				860BE2222321E6C800D76753 /* Products */,
				6098A7011D9CCC10586F3EBD /* Pods */,
				692FB54673200B40180125AF /* Frameworks */,
			);
			sourceTree = "<group>";
		};
		860BE2222321E6C800D76753 /* Products */ = {
			isa = PBXGroup;
			children = (
				860BE2212321E6C800D76753 /* Test-5-15.app */,
				860BE2352321E6C900D76753 /* Test-5-15Tests.xctest */,
				860BE2402321E6C900D76753 /* Test-5-15UITests.xctest */,
			);
			name = Products;
			sourceTree = "<group>";
		};
		860BE2232321E6C800D76753 /* Test-5-15 */ = {
			isa = PBXGroup;
			children = (
				860BE2242321E6C800D76753 /* AppDelegate.swift */,
				860BE2262321E6C800D76753 /* ViewController.swift */,
				860BE2282321E6C800D76753 /* Main.storyboard */,
				860BE22B2321E6C900D76753 /* Assets.xcassets */,
				860BE22D2321E6C900D76753 /* LaunchScreen.storyboard */,
				860BE2302321E6C900D76753 /* Info.plist */,
				860BE2522321E70100D76753 /* TopViewController.swift */,
				860BE2532321E70100D76753 /* TopViewController.xib */,
				860BE2562321E71C00D76753 /* TopMainView.swift */,
				860BE2572321E71C00D76753 /* TopMainView.xib */,
				860BE25A2321E76B00D76753 /* TopMainTableViewCell.swift */,
				860BE25B2321E76B00D76753 /* TopMainTableViewCell.xib */,
			);
			path = "Test-5-15";
			sourceTree = "<group>";
		};
		860BE2382321E6C900D76753 /* Test-5-15Tests */ = {
			isa = PBXGroup;
			children = (
				860BE2392321E6C900D76753 /* Test_5_15Tests.swift */,
				860BE23B2321E6C900D76753 /* Info.plist */,
			);
			path = "Test-5-15Tests";
			sourceTree = "<group>";
		};
		860BE2432321E6C900D76753 /* Test-5-15UITests */ = {
			isa = PBXGroup;
			children = (
				860BE2442321E6C900D76753 /* Test_5_15UITests.swift */,
				860BE2462321E6C900D76753 /* Info.plist */,
			);
			path = "Test-5-15UITests";
			sourceTree = "<group>";
		};
/* End PBXGroup section */

/* Begin PBXNativeTarget section */
		860BE2202321E6C800D76753 /* Test-5-15 */ = {
			isa = PBXNativeTarget;
			buildConfigurationList = 860BE2492321E6C900D76753 /* Build configuration list for PBXNativeTarget "Test-5-15" */;
			buildPhases = (
				97783B2522A3999D3199B4C6 /* [CP] Check Pods Manifest.lock */,
				860BE21D2321E6C800D76753 /* Sources */,
				860BE21E2321E6C800D76753 /* Frameworks */,
				860BE21F2321E6C800D76753 /* Resources */,
				5DEB684D1DC8C063677BA249 /* [CP] Embed Pods Frameworks */,
			);
			buildRules = (
			);
			dependencies = (
			);
			name = "Test-5-15";
			productName = "Test-5-15";
			productReference = 860BE2212321E6C800D76753 /* Test-5-15.app */;
			productType = "com.apple.product-type.application";
		};
		860BE2342321E6C900D76753 /* Test-5-15Tests */ = {
			isa = PBXNativeTarget;
			buildConfigurationList = 860BE24C2321E6C900D76753 /* Build configuration list for PBXNativeTarget "Test-5-15Tests" */;
			buildPhases = (
				F19E103537C273D0046A2880 /* [CP] Check Pods Manifest.lock */,
				860BE2312321E6C900D76753 /* Sources */,
				860BE2322321E6C900D76753 /* Frameworks */,
				860BE2332321E6C900D76753 /* Resources */,
			);
			buildRules = (
			);
			dependencies = (
				860BE2372321E6C900D76753 /* PBXTargetDependency */,
			);
			name = "Test-5-15Tests";
			productName = "Test-5-15Tests";
			productReference = 860BE2352321E6C900D76753 /* Test-5-15Tests.xctest */;
			productType = "com.apple.product-type.bundle.unit-test";
		};
		860BE23F2321E6C900D76753 /* Test-5-15UITests */ = {
			isa = PBXNativeTarget;
			buildConfigurationList = 860BE24F2321E6C900D76753 /* Build configuration list for PBXNativeTarget "Test-5-15UITests" */;
			buildPhases = (
				299C79CA33E336CCB6BE7F0B /* [CP] Check Pods Manifest.lock */,
				860BE23C2321E6C900D76753 /* Sources */,
				860BE23D2321E6C900D76753 /* Frameworks */,
				860BE23E2321E6C900D76753 /* Resources */,
			);
			buildRules = (
			);
			dependencies = (
				860BE2422321E6C900D76753 /* PBXTargetDependency */,
			);
			name = "Test-5-15UITests";
			productName = "Test-5-15UITests";
			productReference = 860BE2402321E6C900D76753 /* Test-5-15UITests.xctest */;
			productType = "com.apple.product-type.bundle.ui-testing";
		};
/* End PBXNativeTarget section */

/* Begin PBXProject section */
		860BE2192321E6C800D76753 /* Project object */ = {
			isa = PBXProject;
			attributes = {
				LastSwiftUpdateCheck = 1030;
				LastUpgradeCheck = 1030;
				ORGANIZATIONNAME = "多可楽";
				TargetAttributes = {
					860BE2202321E6C800D76753 = {
						CreatedOnToolsVersion = 10.3;
					};
					860BE2342321E6C900D76753 = {
						CreatedOnToolsVersion = 10.3;
						TestTargetID = 860BE2202321E6C800D76753;
					};
					860BE23F2321E6C900D76753 = {
						CreatedOnToolsVersion = 10.3;
						TestTargetID = 860BE2202321E6C800D76753;
					};
				};
			};
			buildConfigurationList = 860BE21C2321E6C800D76753 /* Build configuration list for PBXProject "Test-5-15" */;
			compatibilityVersion = "Xcode 9.3";
			developmentRegion = en;
			hasScannedForEncodings = 0;
			knownRegions = (
				en,
				Base,
			);
			mainGroup = 860BE2182321E6C800D76753;
			productRefGroup = 860BE2222321E6C800D76753 /* Products */;
			projectDirPath = "";
			projectRoot = "";
			targets = (
				860BE2202321E6C800D76753 /* Test-5-15 */,
				860BE2342321E6C900D76753 /* Test-5-15Tests */,
				860BE23F2321E6C900D76753 /* Test-5-15UITests */,
			);
		};
/* End PBXProject section */

/* Begin PBXResourcesBuildPhase section */
		860BE21F2321E6C800D76753 /* Resources */ = {
			isa = PBXResourcesBuildPhase;
			buildActionMask = 2147483647;
			files = (
				860BE2592321E71C00D76753 /* TopMainView.xib in Resources */,
				860BE2552321E70100D76753 /* TopViewController.xib in Resources */,
				860BE22F2321E6C900D76753 /* LaunchScreen.storyboard in Resources */,
				860BE22C2321E6C900D76753 /* Assets.xcassets in Resources */,
				860BE25D2321E76B00D76753 /* TopMainTableViewCell.xib in Resources */,
				860BE22A2321E6C800D76753 /* Main.storyboard in Resources */,
			);
			runOnlyForDeploymentPostprocessing = 0;
		};
		860BE2332321E6C900D76753 /* Resources */ = {
			isa = PBXResourcesBuildPhase;
			buildActionMask = 2147483647;
			files = (
			);
			runOnlyForDeploymentPostprocessing = 0;
		};
		860BE23E2321E6C900D76753 /* Resources */ = {
			isa = PBXResourcesBuildPhase;
			buildActionMask = 2147483647;
			files = (
			);
			runOnlyForDeploymentPostprocessing = 0;
		};
/* End PBXResourcesBuildPhase section */

/* Begin PBXShellScriptBuildPhase section */
		299C79CA33E336CCB6BE7F0B /* [CP] Check Pods Manifest.lock */ = {
			isa = PBXShellScriptBuildPhase;
			buildActionMask = 2147483647;
			files = (
			);
			inputFileListPaths = (
			);
			inputPaths = (
				"${PODS_PODFILE_DIR_PATH}/Podfile.lock",
				"${PODS_ROOT}/Manifest.lock",
			);
			name = "[CP] Check Pods Manifest.lock";
			outputFileListPaths = (
			);
			outputPaths = (
				"$(DERIVED_FILE_DIR)/Pods-Test-5-15UITests-checkManifestLockResult.txt",
			);
			runOnlyForDeploymentPostprocessing = 0;
			shellPath = /bin/sh;
			shellScript = "diff \"${PODS_PODFILE_DIR_PATH}/Podfile.lock\" \"${PODS_ROOT}/Manifest.lock\" > /dev/null\nif [ $? != 0 ] ; then\n    # print error to STDERR\n    echo \"error: The sandbox is not in sync with the Podfile.lock. Run 'pod install' or update your CocoaPods installation.\" >&2\n    exit 1\nfi\n# This output is used by Xcode 'outputs' to avoid re-running this script phase.\necho \"SUCCESS\" > \"${SCRIPT_OUTPUT_FILE_0}\"\n";
			showEnvVarsInLog = 0;
		};
		5DEB684D1DC8C063677BA249 /* [CP] Embed Pods Frameworks */ = {
			isa = PBXShellScriptBuildPhase;
			buildActionMask = 2147483647;
			files = (
			);
			inputFileListPaths = (
				"${PODS_ROOT}/Target Support Files/Pods-Test-5-15/Pods-Test-5-15-frameworks-${CONFIGURATION}-input-files.xcfilelist",
			);
			name = "[CP] Embed Pods Frameworks";
			outputFileListPaths = (
				"${PODS_ROOT}/Target Support Files/Pods-Test-5-15/Pods-Test-5-15-frameworks-${CONFIGURATION}-output-files.xcfilelist",
			);
			runOnlyForDeploymentPostprocessing = 0;
			shellPath = /bin/sh;
			shellScript = "\"${PODS_ROOT}/Target Support Files/Pods-Test-5-15/Pods-Test-5-15-frameworks.sh\"\n";
			showEnvVarsInLog = 0;
		};
		97783B2522A3999D3199B4C6 /* [CP] Check Pods Manifest.lock */ = {
			isa = PBXShellScriptBuildPhase;
			buildActionMask = 2147483647;
			files = (
			);
			inputFileListPaths = (
			);
			inputPaths = (
				"${PODS_PODFILE_DIR_PATH}/Podfile.lock",
				"${PODS_ROOT}/Manifest.lock",
			);
			name = "[CP] Check Pods Manifest.lock";
			outputFileListPaths = (
			);
			outputPaths = (
				"$(DERIVED_FILE_DIR)/Pods-Test-5-15-checkManifestLockResult.txt",
			);
			runOnlyForDeploymentPostprocessing = 0;
			shellPath = /bin/sh;
			shellScript = "diff \"${PODS_PODFILE_DIR_PATH}/Podfile.lock\" \"${PODS_ROOT}/Manifest.lock\" > /dev/null\nif [ $? != 0 ] ; then\n    # print error to STDERR\n    echo \"error: The sandbox is not in sync with the Podfile.lock. Run 'pod install' or update your CocoaPods installation.\" >&2\n    exit 1\nfi\n# This output is used by Xcode 'outputs' to avoid re-running this script phase.\necho \"SUCCESS\" > \"${SCRIPT_OUTPUT_FILE_0}\"\n";
			showEnvVarsInLog = 0;
		};
		F19E103537C273D0046A2880 /* [CP] Check Pods Manifest.lock */ = {
			isa = PBXShellScriptBuildPhase;
			buildActionMask = 2147483647;
			files = (
			);
			inputFileListPaths = (
			);
			inputPaths = (
				"${PODS_PODFILE_DIR_PATH}/Podfile.lock",
				"${PODS_ROOT}/Manifest.lock",
			);
			name = "[CP] Check Pods Manifest.lock";
			outputFileListPaths = (
			);
			outputPaths = (
				"$(DERIVED_FILE_DIR)/Pods-Test-5-15Tests-checkManifestLockResult.txt",
			);
			runOnlyForDeploymentPostprocessing = 0;
			shellPath = /bin/sh;
			shellScript = "diff \"${PODS_PODFILE_DIR_PATH}/Podfile.lock\" \"${PODS_ROOT}/Manifest.lock\" > /dev/null\nif [ $? != 0 ] ; then\n    # print error to STDERR\n    echo \"error: The sandbox is not in sync with the Podfile.lock. Run 'pod install' or update your CocoaPods installation.\" >&2\n    exit 1\nfi\n# This output is used by Xcode 'outputs' to avoid re-running this script phase.\necho \"SUCCESS\" > \"${SCRIPT_OUTPUT_FILE_0}\"\n";
			showEnvVarsInLog = 0;
		};
/* End PBXShellScriptBuildPhase section */

/* Begin PBXSourcesBuildPhase section */
		860BE21D2321E6C800D76753 /* Sources */ = {
			isa = PBXSourcesBuildPhase;
			buildActionMask = 2147483647;
			files = (
				860BE25C2321E76B00D76753 /* TopMainTableViewCell.swift in Sources */,
				860BE2542321E70100D76753 /* TopViewController.swift in Sources */,
				860BE2272321E6C800D76753 /* ViewController.swift in Sources */,
				860BE2252321E6C800D76753 /* AppDelegate.swift in Sources */,
				860BE2582321E71C00D76753 /* TopMainView.swift in Sources */,
			);
			runOnlyForDeploymentPostprocessing = 0;
		};
		860BE2312321E6C900D76753 /* Sources */ = {
			isa = PBXSourcesBuildPhase;
			buildActionMask = 2147483647;
			files = (
				860BE23A2321E6C900D76753 /* Test_5_15Tests.swift in Sources */,
			);
			runOnlyForDeploymentPostprocessing = 0;
		};
		860BE23C2321E6C900D76753 /* Sources */ = {
			isa = PBXSourcesBuildPhase;
			buildActionMask = 2147483647;
			files = (
				860BE2452321E6C900D76753 /* Test_5_15UITests.swift in Sources */,
			);
			runOnlyForDeploymentPostprocessing = 0;
		};
/* End PBXSourcesBuildPhase section */

/* Begin PBXTargetDependency section */
		860BE2372321E6C900D76753 /* PBXTargetDependency */ = {
			isa = PBXTargetDependency;
			target = 860BE2202321E6C800D76753 /* Test-5-15 */;
			targetProxy = 860BE2362321E6C900D76753 /* PBXContainerItemProxy */;
		};
		860BE2422321E6C900D76753 /* PBXTargetDependency */ = {
			isa = PBXTargetDependency;
			target = 860BE2202321E6C800D76753 /* Test-5-15 */;
			targetProxy = 860BE2412321E6C900D76753 /* PBXContainerItemProxy */;
		};
/* End PBXTargetDependency section */

/* Begin PBXVariantGroup section */
		860BE2282321E6C800D76753 /* Main.storyboard */ = {
			isa = PBXVariantGroup;
			children = (
				860BE2292321E6C800D76753 /* Base */,
			);
			name = Main.storyboard;
			sourceTree = "<group>";
		};
		860BE22D2321E6C900D76753 /* LaunchScreen.storyboard */ = {
			isa = PBXVariantGroup;
			children = (
				860BE22E2321E6C900D76753 /* Base */,
			);
			name = LaunchScreen.storyboard;
			sourceTree = "<group>";
		};
/* End PBXVariantGroup section */

/* Begin XCBuildConfiguration section */
		860BE2472321E6C900D76753 /* Debug */ = {
			isa = XCBuildConfiguration;
			buildSettings = {
				ALWAYS_SEARCH_USER_PATHS = NO;
				CLANG_ANALYZER_NONNULL = YES;
				CLANG_ANALYZER_NUMBER_OBJECT_CONVERSION = YES_AGGRESSIVE;
				CLANG_CXX_LANGUAGE_STANDARD = "gnu++14";
				CLANG_CXX_LIBRARY = "libc++";
				CLANG_ENABLE_MODULES = YES;
				CLANG_ENABLE_OBJC_ARC = YES;
				CLANG_ENABLE_OBJC_WEAK = YES;
				CLANG_WARN_BLOCK_CAPTURE_AUTORELEASING = YES;
				CLANG_WARN_BOOL_CONVERSION = YES;
				CLANG_WARN_COMMA = YES;
				CLANG_WARN_CONSTANT_CONVERSION = YES;
				CLANG_WARN_DEPRECATED_OBJC_IMPLEMENTATIONS = YES;
				CLANG_WARN_DIRECT_OBJC_ISA_USAGE = YES_ERROR;
				CLANG_WARN_DOCUMENTATION_COMMENTS = YES;
				CLANG_WARN_EMPTY_BODY = YES;
				CLANG_WARN_ENUM_CONVERSION = YES;
				CLANG_WARN_INFINITE_RECURSION = YES;
				CLANG_WARN_INT_CONVERSION = YES;
				CLANG_WARN_NON_LITERAL_NULL_CONVERSION = YES;
				CLANG_WARN_OBJC_IMPLICIT_RETAIN_SELF = YES;
				CLANG_WARN_OBJC_LITERAL_CONVERSION = YES;
				CLANG_WARN_OBJC_ROOT_CLASS = YES_ERROR;
				CLANG_WARN_RANGE_LOOP_ANALYSIS = YES;
				CLANG_WARN_STRICT_PROTOTYPES = YES;
				CLANG_WARN_SUSPICIOUS_MOVE = YES;
				CLANG_WARN_UNGUARDED_AVAILABILITY = YES_AGGRESSIVE;
				CLANG_WARN_UNREACHABLE_CODE = YES;
				CLANG_WARN__DUPLICATE_METHOD_MATCH = YES;
				CODE_SIGN_IDENTITY = "iPhone Developer";
				COPY_PHASE_STRIP = NO;
				DEBUG_INFORMATION_FORMAT = dwarf;
				ENABLE_STRICT_OBJC_MSGSEND = YES;
				ENABLE_TESTABILITY = YES;
				GCC_C_LANGUAGE_STANDARD = gnu11;
				GCC_DYNAMIC_NO_PIC = NO;
				GCC_NO_COMMON_BLOCKS = YES;
				GCC_OPTIMIZATION_LEVEL = 0;
				GCC_PREPROCESSOR_DEFINITIONS = (
					"DEBUG=1",
					"$(inherited)",
				);
				GCC_WARN_64_TO_32_BIT_CONVERSION = YES;
				GCC_WARN_ABOUT_RETURN_TYPE = YES_ERROR;
				GCC_WARN_UNDECLARED_SELECTOR = YES;
				GCC_WARN_UNINITIALIZED_AUTOS = YES_AGGRESSIVE;
				GCC_WARN_UNUSED_FUNCTION = YES;
				GCC_WARN_UNUSED_VARIABLE = YES;
				IPHONEOS_DEPLOYMENT_TARGET = 12.4;
				MTL_ENABLE_DEBUG_INFO = INCLUDE_SOURCE;
				MTL_FAST_MATH = YES;
				ONLY_ACTIVE_ARCH = YES;
				SDKROOT = iphoneos;
				SWIFT_ACTIVE_COMPILATION_CONDITIONS = DEBUG;
				SWIFT_OPTIMIZATION_LEVEL = "-Onone";
			};
			name = Debug;
		};
		860BE2482321E6C900D76753 /* Release */ = {
			isa = XCBuildConfiguration;
			buildSettings = {
				ALWAYS_SEARCH_USER_PATHS = NO;
				CLANG_ANALYZER_NONNULL = YES;
				CLANG_ANALYZER_NUMBER_OBJECT_CONVERSION = YES_AGGRESSIVE;
				CLANG_CXX_LANGUAGE_STANDARD = "gnu++14";
				CLANG_CXX_LIBRARY = "libc++";
				CLANG_ENABLE_MODULES = YES;
				CLANG_ENABLE_OBJC_ARC = YES;
				CLANG_ENABLE_OBJC_WEAK = YES;
				CLANG_WARN_BLOCK_CAPTURE_AUTORELEASING = YES;
				CLANG_WARN_BOOL_CONVERSION = YES;
				CLANG_WARN_COMMA = YES;
				CLANG_WARN_CONSTANT_CONVERSION = YES;
				CLANG_WARN_DEPRECATED_OBJC_IMPLEMENTATIONS = YES;
				CLANG_WARN_DIRECT_OBJC_ISA_USAGE = YES_ERROR;
				CLANG_WARN_DOCUMENTATION_COMMENTS = YES;
				CLANG_WARN_EMPTY_BODY = YES;
				CLANG_WARN_ENUM_CONVERSION = YES;
				CLANG_WARN_INFINITE_RECURSION = YES;
				CLANG_WARN_INT_CONVERSION = YES;
				CLANG_WARN_NON_LITERAL_NULL_CONVERSION = YES;
				CLANG_WARN_OBJC_IMPLICIT_RETAIN_SELF = YES;
				CLANG_WARN_OBJC_LITERAL_CONVERSION = YES;
				CLANG_WARN_OBJC_ROOT_CLASS = YES_ERROR;
				CLANG_WARN_RANGE_LOOP_ANALYSIS = YES;
				CLANG_WARN_STRICT_PROTOTYPES = YES;
				CLANG_WARN_SUSPICIOUS_MOVE = YES;
				CLANG_WARN_UNGUARDED_AVAILABILITY = YES_AGGRESSIVE;
				CLANG_WARN_UNREACHABLE_CODE = YES;
				CLANG_WARN__DUPLICATE_METHOD_MATCH = YES;
				CODE_SIGN_IDENTITY = "iPhone Developer";
				COPY_PHASE_STRIP = NO;
				DEBUG_INFORMATION_FORMAT = "dwarf-with-dsym";
				ENABLE_NS_ASSERTIONS = NO;
				ENABLE_STRICT_OBJC_MSGSEND = YES;
				GCC_C_LANGUAGE_STANDARD = gnu11;
				GCC_NO_COMMON_BLOCKS = YES;
				GCC_WARN_64_TO_32_BIT_CONVERSION = YES;
				GCC_WARN_ABOUT_RETURN_TYPE = YES_ERROR;
				GCC_WARN_UNDECLARED_SELECTOR = YES;
				GCC_WARN_UNINITIALIZED_AUTOS = YES_AGGRESSIVE;
				GCC_WARN_UNUSED_FUNCTION = YES;
				GCC_WARN_UNUSED_VARIABLE = YES;
				IPHONEOS_DEPLOYMENT_TARGET = 12.4;
				MTL_ENABLE_DEBUG_INFO = NO;
				MTL_FAST_MATH = YES;
				SDKROOT = iphoneos;
				SWIFT_COMPILATION_MODE = wholemodule;
				SWIFT_OPTIMIZATION_LEVEL = "-O";
				VALIDATE_PRODUCT = YES;
			};
			name = Release;
		};
		860BE24A2321E6C900D76753 /* Debug */ = {
			isa = XCBuildConfiguration;
			baseConfigurationReference = E094FD2A3522494F559AEB0C /* Pods-Test-5-15.debug.xcconfig */;
			buildSettings = {
				ASSETCATALOG_COMPILER_APPICON_NAME = AppIcon;
				CODE_SIGN_STYLE = Automatic;
				INFOPLIST_FILE = "Test-5-15/Info.plist";
				LD_RUNPATH_SEARCH_PATHS = (
					"$(inherited)",
					"@executable_path/Frameworks",
				);
				PRODUCT_BUNDLE_IDENTIFIER = "aaaa.Test-5-15";
				PRODUCT_NAME = "$(TARGET_NAME)";
				SWIFT_VERSION = 5.0;
				TARGETED_DEVICE_FAMILY = "1,2";
			};
			name = Debug;
		};
		860BE24B2321E6C900D76753 /* Release */ = {
			isa = XCBuildConfiguration;
			baseConfigurationReference = 469263ECA5B5A4534F9C389D /* Pods-Test-5-15.release.xcconfig */;
			buildSettings = {
				ASSETCATALOG_COMPILER_APPICON_NAME = AppIcon;
				CODE_SIGN_STYLE = Automatic;
				INFOPLIST_FILE = "Test-5-15/Info.plist";
				LD_RUNPATH_SEARCH_PATHS = (
					"$(inherited)",
					"@executable_path/Frameworks",
				);
				PRODUCT_BUNDLE_IDENTIFIER = "aaaa.Test-5-15";
				PRODUCT_NAME = "$(TARGET_NAME)";
				SWIFT_VERSION = 5.0;
				TARGETED_DEVICE_FAMILY = "1,2";
			};
			name = Release;
		};
		860BE24D2321E6C900D76753 /* Debug */ = {
			isa = XCBuildConfiguration;
			baseConfigurationReference = BB312226F014578938B37009 /* Pods-Test-5-15Tests.debug.xcconfig */;
			buildSettings = {
				ALWAYS_EMBED_SWIFT_STANDARD_LIBRARIES = YES;
				BUNDLE_LOADER = "$(TEST_HOST)";
				CODE_SIGN_STYLE = Automatic;
				INFOPLIST_FILE = "Test-5-15Tests/Info.plist";
				LD_RUNPATH_SEARCH_PATHS = (
					"$(inherited)",
					"@executable_path/Frameworks",
					"@loader_path/Frameworks",
				);
				PRODUCT_BUNDLE_IDENTIFIER = "aaaa.Test-5-15Tests";
				PRODUCT_NAME = "$(TARGET_NAME)";
				SWIFT_VERSION = 5.0;
				TARGETED_DEVICE_FAMILY = "1,2";
				TEST_HOST = "$(BUILT_PRODUCTS_DIR)/Test-5-15.app/Test-5-15";
			};
			name = Debug;
		};
		860BE24E2321E6C900D76753 /* Release */ = {
			isa = XCBuildConfiguration;
			baseConfigurationReference = 1A070ACF7562503975963166 /* Pods-Test-5-15Tests.release.xcconfig */;
			buildSettings = {
				ALWAYS_EMBED_SWIFT_STANDARD_LIBRARIES = YES;
				BUNDLE_LOADER = "$(TEST_HOST)";
				CODE_SIGN_STYLE = Automatic;
				INFOPLIST_FILE = "Test-5-15Tests/Info.plist";
				LD_RUNPATH_SEARCH_PATHS = (
					"$(inherited)",
					"@executable_path/Frameworks",
					"@loader_path/Frameworks",
				);
				PRODUCT_BUNDLE_IDENTIFIER = "aaaa.Test-5-15Tests";
				PRODUCT_NAME = "$(TARGET_NAME)";
				SWIFT_VERSION = 5.0;
				TARGETED_DEVICE_FAMILY = "1,2";
				TEST_HOST = "$(BUILT_PRODUCTS_DIR)/Test-5-15.app/Test-5-15";
			};
			name = Release;
		};
		860BE2502321E6C900D76753 /* Debug */ = {
			isa = XCBuildConfiguration;
			baseConfigurationReference = B0787E9BC87059D05B7B0F1F /* Pods-Test-5-15UITests.debug.xcconfig */;
			buildSettings = {
				ALWAYS_EMBED_SWIFT_STANDARD_LIBRARIES = YES;
				CODE_SIGN_STYLE = Automatic;
				INFOPLIST_FILE = "Test-5-15UITests/Info.plist";
				LD_RUNPATH_SEARCH_PATHS = (
					"$(inherited)",
					"@executable_path/Frameworks",
					"@loader_path/Frameworks",
				);
				PRODUCT_BUNDLE_IDENTIFIER = "aaaa.Test-5-15UITests";
				PRODUCT_NAME = "$(TARGET_NAME)";
				SWIFT_VERSION = 5.0;
				TARGETED_DEVICE_FAMILY = "1,2";
				TEST_TARGET_NAME = "Test-5-15";
			};
			name = Debug;
		};
		860BE2512321E6C900D76753 /* Release */ = {
			isa = XCBuildConfiguration;
			baseConfigurationReference = 3A0EFF420A64A3A66553A7D4 /* Pods-Test-5-15UITests.release.xcconfig */;
			buildSettings = {
				ALWAYS_EMBED_SWIFT_STANDARD_LIBRARIES = YES;
				CODE_SIGN_STYLE = Automatic;
				INFOPLIST_FILE = "Test-5-15UITests/Info.plist";
				LD_RUNPATH_SEARCH_PATHS = (
					"$(inherited)",
					"@executable_path/Frameworks",
					"@loader_path/Frameworks",
				);
				PRODUCT_BUNDLE_IDENTIFIER = "aaaa.Test-5-15UITests";
				PRODUCT_NAME = "$(TARGET_NAME)";
				SWIFT_VERSION = 5.0;
				TARGETED_DEVICE_FAMILY = "1,2";
				TEST_TARGET_NAME = "Test-5-15";
			};
			name = Release;
		};
/* End XCBuildConfiguration section */

/* Begin XCConfigurationList section */
		860BE21C2321E6C800D76753 /* Build configuration list for PBXProject "Test-5-15" */ = {
			isa = XCConfigurationList;
			buildConfigurations = (
				860BE2472321E6C900D76753 /* Debug */,
				860BE2482321E6C900D76753 /* Release */,
			);
			defaultConfigurationIsVisible = 0;
			defaultConfigurationName = Release;
		};
		860BE2492321E6C900D76753 /* Build configuration list for PBXNativeTarget "Test-5-15" */ = {
			isa = XCConfigurationList;
			buildConfigurations = (
				860BE24A2321E6C900D76753 /* Debug */,
				860BE24B2321E6C900D76753 /* Release */,
			);
			defaultConfigurationIsVisible = 0;
			defaultConfigurationName = Release;
		};
		860BE24C2321E6C900D76753 /* Build configuration list for PBXNativeTarget "Test-5-15Tests" */ = {
			isa = XCConfigurationList;
			buildConfigurations = (
				860BE24D2321E6C900D76753 /* Debug */,
				860BE24E2321E6C900D76753 /* Release */,
			);
			defaultConfigurationIsVisible = 0;
			defaultConfigurationName = Release;
		};
		860BE24F2321E6C900D76753 /* Build configuration list for PBXNativeTarget "Test-5-15UITests" */ = {
			isa = XCConfigurationList;
			buildConfigurations = (
				860BE2502321E6C900D76753 /* Debug */,
				860BE2512321E6C900D76753 /* Release */,
			);
			defaultConfigurationIsVisible = 0;
			defaultConfigurationName = Release;
		};
/* End XCConfigurationList section */
	};
	rootObject = 860BE2192321E6C800D76753 /* Project object */;
}
